
Microsoft Visual Studio Solution File, Format Version 12.00
# Visual Studio Express 2012 for Windows Desktop
Project("{FAE04EC0-301F-11D3-BF4B-00C04F79EFBC}") = "DLLCreator", "DLLCreator\DLLCreator.csproj", "{1F50E83A-AF0F-4361-A639-E3BE5417F06A}"
EndProject
Project("{FAE04EC0-301F-11D3-BF4B-00C04F79EFBC}") = "ForCompiling", "ForCompiling\ForCompiling.csproj", "{D3BD4E10-1D81-4D18-A19F-89BF0BC1B25A}"
EndProject
Global
	GlobalSection(SolutionConfigurationPlatforms) = preSolution
		Debug|Any CPU = Debug|Any CPU
		Release|Any CPU = Release|Any CPU
	EndGlobalSection
	GlobalSection(ProjectConfigurationPlatforms) = postSolution
		{1F50E83A-AF0F-4361-A639-E3BE5417F06A}.Debug|Any CPU.ActiveCfg = Debug|Any CPU
		{1F50E83A-AF0F-4361-A639-E3BE5417F06A}.Debug|Any CPU.Build.0 = Debug|Any CPU
		{1F50E83A-AF0F-4361-A639-E3BE5417F06A}.Release|Any CPU.ActiveCfg = Release|Any CPU
		{1F50E83A-AF0F-4361-A639-E3BE5417F06A}.Release|Any CPU.Build.0 = Release|Any CPU
		{D3BD4E10-1D81-4D18-A19F-89BF0BC1B25A}.Debug|Any CPU.ActiveCfg = Debug|Any CPU
		{D3BD4E10-1D81-4D18-A19F-89BF0BC1B25A}.Release|Any CPU.ActiveCfg = Release|Any CPU
		{D3BD4E10-1D81-4D18-A19F-89BF0BC1B25A}.Release|Any CPU.Build.0 = Release|Any CPU
	EndGlobalSection
	GlobalSection(SolutionProperties) = preSolution
		HideSolutionNode = FALSE
	EndGlobalSection
EndGlobal
